
Microsoft Visual Studio Solution File, Format Version 12.00
# Visual Studio Version 16
VisualStudioVersion = 16.0.29230.47
MinimumVisualStudioVersion = 10.0.40219.1
Project("{FAE04EC0-301F-11D3-BF4B-00C04F79EFBC}") = "NetworkBasedShut", "NetworkBasedShut\NetworkBasedShut.csproj", "{9F36A7E6-5129-4B9F-831F-E4BABC50BACF}"
EndProject
Global
	GlobalSection(SolutionConfigurationPlatforms) = preSolution
		Debug|Any CPU = Debug|Any CPU
		Release|Any CPU = Release|Any CPU
	EndGlobalSection
	GlobalSection(ProjectConfigurationPlatforms) = postSolution
		{9F36A7E6-5129-4B9F-831F-E4BABC50BACF}.Debug|Any CPU.ActiveCfg = Debug|Any CPU
		{9F36A7E6-5129-4B9F-831F-E4BABC50BACF}.Debug|Any CPU.Build.0 = Debug|Any CPU
		{9F36A7E6-5129-4B9F-831F-E4BABC50BACF}.Release|Any CPU.ActiveCfg = Release|Any CPU
		{9F36A7E6-5129-4B9F-831F-E4BABC50BACF}.Release|Any CPU.Build.0 = Release|Any CPU
	EndGlobalSection
	GlobalSection(SolutionProperties) = preSolution
		HideSolutionNode = FALSE
	EndGlobalSection
	GlobalSection(ExtensibilityGlobals) = postSolution
		SolutionGuid = {920352FC-459E-4188-88D0-7B1391921D4C}
	EndGlobalSection
EndGlobal
